
Microsoft Visual Studio Solution File, Format Version 12.00
# Visual Studio Version 17
VisualStudioVersion = 17.7.34202.233
MinimumVisualStudioVersion = 10.0.40219.1
Project("{FAE04EC0-301F-11D3-BF4B-00C04F79EFBC}") = "TestPatternGenerator", "TestPatternGenerator\TestPatternGenerator.csproj", "{2900CE21-F87A-4633-8B1A-E12A1A1BA9B9}"
EndProject
Global
	GlobalSection(SolutionConfigurationPlatforms) = preSolution
		Debug|Any CPU = Debug|Any CPU
		Release|Any CPU = Release|Any CPU
	EndGlobalSection
	GlobalSection(ProjectConfigurationPlatforms) = postSolution
		{2900CE21-F87A-4633-8B1A-E12A1A1BA9B9}.Debug|Any CPU.ActiveCfg = Debug|Any CPU
		{2900CE21-F87A-4633-8B1A-E12A1A1BA9B9}.Debug|Any CPU.Build.0 = Debug|Any CPU
		{2900CE21-F87A-4633-8B1A-E12A1A1BA9B9}.Release|Any CPU.ActiveCfg = Release|Any CPU
		{2900CE21-F87A-4633-8B1A-E12A1A1BA9B9}.Release|Any CPU.Build.0 = Release|Any CPU
	EndGlobalSection
	GlobalSection(SolutionProperties) = preSolution
		HideSolutionNode = FALSE
	EndGlobalSection
	GlobalSection(ExtensibilityGlobals) = postSolution
		SolutionGuid = {865B147F-F8C9-4651-A09E-ED7A3BFE6283}
	EndGlobalSection
EndGlobal
